
Microsoft Visual Studio Solution File, Format Version 12.00
# Visual Studio Version 17
VisualStudioVersion = 17.14.36414.22
MinimumVisualStudioVersion = 10.0.40219.1
Project("{FAE04EC0-301F-11D3-BF4B-00C04F79EFBC}") = "BloodDonationSystem", "BloodDonationSystem\BloodDonationSystem.csproj", "{DDB9B961-2239-45D2-96AE-BB65D1C0B681}"
EndProject
Project("{FAE04EC0-301F-11D3-BF4B-00C04F79EFBC}") = "BloodTesting", "BloodTesting\BloodTesting.csproj", "{5CE850ED-F802-45E3-B2C0-55B1D2946002}"
EndProject
Global
	GlobalSection(SolutionConfigurationPlatforms) = preSolution
		Debug|Any CPU = Debug|Any CPU
		Release|Any CPU = Release|Any CPU
	EndGlobalSection
	GlobalSection(ProjectConfigurationPlatforms) = postSolution
		{DDB9B961-2239-45D2-96AE-BB65D1C0B681}.Debug|Any CPU.ActiveCfg = Debug|Any CPU
		{DDB9B961-2239-45D2-96AE-BB65D1C0B681}.Debug|Any CPU.Build.0 = Debug|Any CPU
		{DDB9B961-2239-45D2-96AE-BB65D1C0B681}.Release|Any CPU.ActiveCfg = Release|Any CPU
		{DDB9B961-2239-45D2-96AE-BB65D1C0B681}.Release|Any CPU.Build.0 = Release|Any CPU
		{5CE850ED-F802-45E3-B2C0-55B1D2946002}.Debug|Any CPU.ActiveCfg = Debug|Any CPU
		{5CE850ED-F802-45E3-B2C0-55B1D2946002}.Debug|Any CPU.Build.0 = Debug|Any CPU
		{5CE850ED-F802-45E3-B2C0-55B1D2946002}.Release|Any CPU.ActiveCfg = Release|Any CPU
		{5CE850ED-F802-45E3-B2C0-55B1D2946002}.Release|Any CPU.Build.0 = Release|Any CPU
	EndGlobalSection
	GlobalSection(SolutionProperties) = preSolution
		HideSolutionNode = FALSE
	EndGlobalSection
	GlobalSection(ExtensibilityGlobals) = postSolution
		SolutionGuid = {BEAB6905-9160-4AAE-A57D-E846895AC165}
	EndGlobalSection
EndGlobal
